
Microsoft Visual Studio Solution File, Format Version 12.00
# Visual Studio Version 17
VisualStudioVersion = 17.10.34607.79
MinimumVisualStudioVersion = 10.0.40219.1
Project("{FAE04EC0-301F-11D3-BF4B-00C04F79EFBC}") = "logisticsApp2", "logisticsApp2\logisticsApp2.csproj", "{0E385005-6E4A-4EB6-BEC9-96E9A791B7FF}"
EndProject
Global
	GlobalSection(SolutionConfigurationPlatforms) = preSolution
		Debug|Any CPU = Debug|Any CPU
		Release|Any CPU = Release|Any CPU
	EndGlobalSection
	GlobalSection(ProjectConfigurationPlatforms) = postSolution
		{0E385005-6E4A-4EB6-BEC9-96E9A791B7FF}.Debug|Any CPU.ActiveCfg = Debug|Any CPU
		{0E385005-6E4A-4EB6-BEC9-96E9A791B7FF}.Debug|Any CPU.Build.0 = Debug|Any CPU
		{0E385005-6E4A-4EB6-BEC9-96E9A791B7FF}.Release|Any CPU.ActiveCfg = Release|Any CPU
		{0E385005-6E4A-4EB6-BEC9-96E9A791B7FF}.Release|Any CPU.Build.0 = Release|Any CPU
	EndGlobalSection
	GlobalSection(SolutionProperties) = preSolution
		HideSolutionNode = FALSE
	EndGlobalSection
	GlobalSection(ExtensibilityGlobals) = postSolution
		SolutionGuid = {B35C4F08-7A2D-4563-BBA2-7933CF1CDCA4}
	EndGlobalSection
EndGlobal
